// !$*UTF8*$!
{
	archiveVersion = 1;
	classes = {
	};
	objectVersion = 50;
	objects = {

/* Begin PBXBuildFile section */
		17067D5224782C0E0087DDAB /* AppDelegate.swift in Sources */ = {isa = PBXBuildFile; fileRef = 17067D5124782C0E0087DDAB /* AppDelegate.swift */; };
		17067D5424782C0E0087DDAB /* SceneDelegate.swift in Sources */ = {isa = PBXBuildFile; fileRef = 17067D5324782C0E0087DDAB /* SceneDelegate.swift */; };
		17067D5624782C0E0087DDAB /* ViewController.swift in Sources */ = {isa = PBXBuildFile; fileRef = 17067D5524782C0E0087DDAB /* ViewController.swift */; };
		17067D5924782C0E0087DDAB /* Main.storyboard in Resources */ = {isa = PBXBuildFile; fileRef = 17067D5724782C0E0087DDAB /* Main.storyboard */; };
		17067D5B24782C0F0087DDAB /* Assets.xcassets in Resources */ = {isa = PBXBuildFile; fileRef = 17067D5A24782C0F0087DDAB /* Assets.xcassets */; };
		17067D5E24782C0F0087DDAB /* LaunchScreen.storyboard in Resources */ = {isa = PBXBuildFile; fileRef = 17067D5C24782C0F0087DDAB /* LaunchScreen.storyboard */; };
		17067D6924782C100087DDAB /* CustomTests.swift in Sources */ = {isa = PBXBuildFile; fileRef = 17067D6824782C100087DDAB /* CustomTests.swift */; };
		17067D7424782C100087DDAB /* CustomUITests.swift in Sources */ = {isa = PBXBuildFile; fileRef = 17067D7324782C100087DDAB /* CustomUITests.swift */; };
		17067DBE2478F8C90087DDAB /* TargetViewController.swift in Sources */ = {isa = PBXBuildFile; fileRef = 17067DBD2478F8C90087DDAB /* TargetViewController.swift */; };
		17067DC02478F91E0087DDAB /* RegisterViewController.swift in Sources */ = {isa = PBXBuildFile; fileRef = 17067DBF2478F91E0087DDAB /* RegisterViewController.swift */; };
		17067DC22478F9430087DDAB /* RemindViewController.swift in Sources */ = {isa = PBXBuildFile; fileRef = 17067DC12478F9430087DDAB /* RemindViewController.swift */; };
/* End PBXBuildFile section */

/* Begin PBXContainerItemProxy section */
		17067D6524782C100087DDAB /* PBXContainerItemProxy */ = {
			isa = PBXContainerItemProxy;
			containerPortal = 17067D4624782C0E0087DDAB /* Project object */;
			proxyType = 1;
			remoteGlobalIDString = 17067D4D24782C0E0087DDAB;
			remoteInfo = Custom;
		};
		17067D7024782C100087DDAB /* PBXContainerItemProxy */ = {
			isa = PBXContainerItemProxy;
			containerPortal = 17067D4624782C0E0087DDAB /* Project object */;
			proxyType = 1;
			remoteGlobalIDString = 17067D4D24782C0E0087DDAB;
			remoteInfo = Custom;
		};
/* End PBXContainerItemProxy section */

/* Begin PBXFileReference section */
		17067D4E24782C0E0087DDAB /* Custom.app */ = {isa = PBXFileReference; explicitFileType = wrapper.application; includeInIndex = 0; path = Custom.app; sourceTree = BUILT_PRODUCTS_DIR; };
		17067D5124782C0E0087DDAB /* AppDelegate.swift */ = {isa = PBXFileReference; lastKnownFileType = sourcecode.swift; path = AppDelegate.swift; sourceTree = "<group>"; };
		17067D5324782C0E0087DDAB /* SceneDelegate.swift */ = {isa = PBXFileReference; lastKnownFileType = sourcecode.swift; path = SceneDelegate.swift; sourceTree = "<group>"; };
		17067D5524782C0E0087DDAB /* ViewController.swift */ = {isa = PBXFileReference; lastKnownFileType = sourcecode.swift; path = ViewController.swift; sourceTree = "<group>"; };
		17067D5824782C0E0087DDAB /* Base */ = {isa = PBXFileReference; lastKnownFileType = file.storyboard; name = Base; path = Base.lproj/Main.storyboard; sourceTree = "<group>"; };
		17067D5A24782C0F0087DDAB /* Assets.xcassets */ = {isa = PBXFileReference; lastKnownFileType = folder.assetcatalog; path = Assets.xcassets; sourceTree = "<group>"; };
		17067D5D24782C0F0087DDAB /* Base */ = {isa = PBXFileReference; lastKnownFileType = file.storyboard; name = Base; path = Base.lproj/LaunchScreen.storyboard; sourceTree = "<group>"; };
		17067D5F24782C0F0087DDAB /* Info.plist */ = {isa = PBXFileReference; lastKnownFileType = text.plist.xml; path = Info.plist; sourceTree = "<group>"; };
		17067D6424782C100087DDAB /* CustomTests.xctest */ = {isa = PBXFileReference; explicitFileType = wrapper.cfbundle; includeInIndex = 0; path = CustomTests.xctest; sourceTree = BUILT_PRODUCTS_DIR; };
		17067D6824782C100087DDAB /* CustomTests.swift */ = {isa = PBXFileReference; lastKnownFileType = sourcecode.swift; path = CustomTests.swift; sourceTree = "<group>"; };
		17067D6A24782C100087DDAB /* Info.plist */ = {isa = PBXFileReference; lastKnownFileType = text.plist.xml; path = Info.plist; sourceTree = "<group>"; };
		17067D6F24782C100087DDAB /* CustomUITests.xctest */ = {isa = PBXFileReference; explicitFileType = wrapper.cfbundle; includeInIndex = 0; path = CustomUITests.xctest; sourceTree = BUILT_PRODUCTS_DIR; };
		17067D7324782C100087DDAB /* CustomUITests.swift */ = {isa = PBXFileReference; lastKnownFileType = sourcecode.swift; path = CustomUITests.swift; sourceTree = "<group>"; };
		17067D7524782C100087DDAB /* Info.plist */ = {isa = PBXFileReference; lastKnownFileType = text.plist.xml; path = Info.plist; sourceTree = "<group>"; };
		17067DBD2478F8C90087DDAB /* TargetViewController.swift */ = {isa = PBXFileReference; lastKnownFileType = sourcecode.swift; path = TargetViewController.swift; sourceTree = "<group>"; };
		17067DBF2478F91E0087DDAB /* RegisterViewController.swift */ = {isa = PBXFileReference; lastKnownFileType = sourcecode.swift; path = RegisterViewController.swift; sourceTree = "<group>"; };
		17067DC12478F9430087DDAB /* RemindViewController.swift */ = {isa = PBXFileReference; lastKnownFileType = sourcecode.swift; path = RemindViewController.swift; sourceTree = "<group>"; };
/* End PBXFileReference section */

/* Begin PBXFrameworksBuildPhase section */
		17067D4B24782C0E0087DDAB /* Frameworks */ = {
			isa = PBXFrameworksBuildPhase;
			buildActionMask = 2147483647;
			files = (
			);
			runOnlyForDeploymentPostprocessing = 0;
		};
		17067D6124782C100087DDAB /* Frameworks */ = {
			isa = PBXFrameworksBuildPhase;
			buildActionMask = 2147483647;
			files = (
			);
			runOnlyForDeploymentPostprocessing = 0;
		};
		17067D6C24782C100087DDAB /* Frameworks */ = {
			isa = PBXFrameworksBuildPhase;
			buildActionMask = 2147483647;
			files = (
			);
			runOnlyForDeploymentPostprocessing = 0;
		};
/* End PBXFrameworksBuildPhase section */

/* Begin PBXGroup section */
		17067D4524782C0E0087DDAB = {
			isa = PBXGroup;
			children = (
				17067D5024782C0E0087DDAB /* Custom */,
				17067D6724782C100087DDAB /* CustomTests */,
				17067D7224782C100087DDAB /* CustomUITests */,
				17067D4F24782C0E0087DDAB /* Products */,
			);
			sourceTree = "<group>";
		};
		17067D4F24782C0E0087DDAB /* Products */ = {
			isa = PBXGroup;
			children = (
				17067D4E24782C0E0087DDAB /* Custom.app */,
				17067D6424782C100087DDAB /* CustomTests.xctest */,
				17067D6F24782C100087DDAB /* CustomUITests.xctest */,
			);
			name = Products;
			sourceTree = "<group>";
		};
		17067D5024782C0E0087DDAB /* Custom */ = {
			isa = PBXGroup;
			children = (
				17067D5124782C0E0087DDAB /* AppDelegate.swift */,
				17067D5324782C0E0087DDAB /* SceneDelegate.swift */,
				17067D5524782C0E0087DDAB /* ViewController.swift */,
				17067D5724782C0E0087DDAB /* Main.storyboard */,
				17067D5A24782C0F0087DDAB /* Assets.xcassets */,
				17067D5C24782C0F0087DDAB /* LaunchScreen.storyboard */,
				17067D5F24782C0F0087DDAB /* Info.plist */,
				17067DBD2478F8C90087DDAB /* TargetViewController.swift */,
				17067DBF2478F91E0087DDAB /* RegisterViewController.swift */,
				17067DC12478F9430087DDAB /* RemindViewController.swift */,
			);
			path = Custom;
			sourceTree = "<group>";
		};
		17067D6724782C100087DDAB /* CustomTests */ = {
			isa = PBXGroup;
			children = (
				17067D6824782C100087DDAB /* CustomTests.swift */,
				17067D6A24782C100087DDAB /* Info.plist */,
			);
			path = CustomTests;
			sourceTree = "<group>";
		};
		17067D7224782C100087DDAB /* CustomUITests */ = {
			isa = PBXGroup;
			children = (
				17067D7324782C100087DDAB /* CustomUITests.swift */,
				17067D7524782C100087DDAB /* Info.plist */,
			);
			path = CustomUITests;
			sourceTree = "<group>";
		};
/* End PBXGroup section */

/* Begin PBXNativeTarget section */
		17067D4D24782C0E0087DDAB /* Custom */ = {
			isa = PBXNativeTarget;
			buildConfigurationList = 17067D7824782C100087DDAB /* Build configuration list for PBXNativeTarget "Custom" */;
			buildPhases = (
				17067D4A24782C0E0087DDAB /* Sources */,
				17067D4B24782C0E0087DDAB /* Frameworks */,
				17067D4C24782C0E0087DDAB /* Resources */,
			);
			buildRules = (
			);
			dependencies = (
			);
			name = Custom;
			productName = Custom;
			productReference = 17067D4E24782C0E0087DDAB /* Custom.app */;
			productType = "com.apple.product-type.application";
		};
		17067D6324782C100087DDAB /* CustomTests */ = {
			isa = PBXNativeTarget;
			buildConfigurationList = 17067D7B24782C100087DDAB /* Build configuration list for PBXNativeTarget "CustomTests" */;
			buildPhases = (
				17067D6024782C100087DDAB /* Sources */,
				17067D6124782C100087DDAB /* Frameworks */,
				17067D6224782C100087DDAB /* Resources */,
			);
			buildRules = (
			);
			dependencies = (
				17067D6624782C100087DDAB /* PBXTargetDependency */,
			);
			name = CustomTests;
			productName = CustomTests;
			productReference = 17067D6424782C100087DDAB /* CustomTests.xctest */;
			productType = "com.apple.product-type.bundle.unit-test";
		};
		17067D6E24782C100087DDAB /* CustomUITests */ = {
			isa = PBXNativeTarget;
			buildConfigurationList = 17067D7E24782C100087DDAB /* Build configuration list for PBXNativeTarget "CustomUITests" */;
			buildPhases = (
				17067D6B24782C100087DDAB /* Sources */,
				17067D6C24782C100087DDAB /* Frameworks */,
				17067D6D24782C100087DDAB /* Resources */,
			);
			buildRules = (
			);
			dependencies = (
				17067D7124782C100087DDAB /* PBXTargetDependency */,
			);
			name = CustomUITests;
			productName = CustomUITests;
			productReference = 17067D6F24782C100087DDAB /* CustomUITests.xctest */;
			productType = "com.apple.product-type.bundle.ui-testing";
		};
/* End PBXNativeTarget section */

/* Begin PBXProject section */
		17067D4624782C0E0087DDAB /* Project object */ = {
			isa = PBXProject;
			attributes = {
				LastSwiftUpdateCheck = 1150;
				LastUpgradeCheck = 1150;
				ORGANIZATIONNAME = "Takemura assan";
				TargetAttributes = {
					17067D4D24782C0E0087DDAB = {
						CreatedOnToolsVersion = 11.5;
					};
					17067D6324782C100087DDAB = {
						CreatedOnToolsVersion = 11.5;
						TestTargetID = 17067D4D24782C0E0087DDAB;
					};
					17067D6E24782C100087DDAB = {
						CreatedOnToolsVersion = 11.5;
						TestTargetID = 17067D4D24782C0E0087DDAB;
					};
				};
			};
			buildConfigurationList = 17067D4924782C0E0087DDAB /* Build configuration list for PBXProject "Custom" */;
			compatibilityVersion = "Xcode 9.3";
			developmentRegion = en;
			hasScannedForEncodings = 0;
			knownRegions = (
				en,
				Base,
			);
			mainGroup = 17067D4524782C0E0087DDAB;
			productRefGroup = 17067D4F24782C0E0087DDAB /* Products */;
			projectDirPath = "";
			projectRoot = "";
			targets = (
				17067D4D24782C0E0087DDAB /* Custom */,
				17067D6324782C100087DDAB /* CustomTests */,
				17067D6E24782C100087DDAB /* CustomUITests */,
			);
		};
/* End PBXProject section */

/* Begin PBXResourcesBuildPhase section */
		17067D4C24782C0E0087DDAB /* Resources */ = {
			isa = PBXResourcesBuildPhase;
			buildActionMask = 2147483647;
			files = (
				17067D5E24782C0F0087DDAB /* LaunchScreen.storyboard in Resources */,
				17067D5B24782C0F0087DDAB /* Assets.xcassets in Resources */,
				17067D5924782C0E0087DDAB /* Main.storyboard in Resources */,
			);
			runOnlyForDeploymentPostprocessing = 0;
		};
		17067D6224782C100087DDAB /* Resources */ = {
			isa = PBXResourcesBuildPhase;
			buildActionMask = 2147483647;
			files = (
			);
			runOnlyForDeploymentPostprocessing = 0;
		};
		17067D6D24782C100087DDAB /* Resources */ = {
			isa = PBXResourcesBuildPhase;
			buildActionMask = 2147483647;
			files = (
			);
			runOnlyForDeploymentPostprocessing = 0;
		};
/* End PBXResourcesBuildPhase section */

/* Begin PBXSourcesBuildPhase section */
		17067D4A24782C0E0087DDAB /* Sources */ = {
			isa = PBXSourcesBuildPhase;
			buildActionMask = 2147483647;
			files = (
				17067D5624782C0E0087DDAB /* ViewController.swift in Sources */,
				17067DC22478F9430087DDAB /* RemindViewController.swift in Sources */,
				17067DC02478F91E0087DDAB /* RegisterViewController.swift in Sources */,
				17067D5224782C0E0087DDAB /* AppDelegate.swift in Sources */,
				17067D5424782C0E0087DDAB /* SceneDelegate.swift in Sources */,
				17067DBE2478F8C90087DDAB /* TargetViewController.swift in Sources */,
			);
			runOnlyForDeploymentPostprocessing = 0;
		};
		17067D6024782C100087DDAB /* Sources */ = {
			isa = PBXSourcesBuildPhase;
			buildActionMask = 2147483647;
			files = (
				17067D6924782C100087DDAB /* CustomTests.swift in Sources */,
			);
			runOnlyForDeploymentPostprocessing = 0;
		};
		17067D6B24782C100087DDAB /* Sources */ = {
			isa = PBXSourcesBuildPhase;
			buildActionMask = 2147483647;
			files = (
				17067D7424782C100087DDAB /* CustomUITests.swift in Sources */,
			);
			runOnlyForDeploymentPostprocessing = 0;
		};
/* End PBXSourcesBuildPhase section */

/* Begin PBXTargetDependency section */
		17067D6624782C100087DDAB /* PBXTargetDependency */ = {
			isa = PBXTargetDependency;
			target = 17067D4D24782C0E0087DDAB /* Custom */;
			targetProxy = 17067D6524782C100087DDAB /* PBXContainerItemProxy */;
		};
		17067D7124782C100087DDAB /* PBXTargetDependency */ = {
			isa = PBXTargetDependency;
			target = 17067D4D24782C0E0087DDAB /* Custom */;
			targetProxy = 17067D7024782C100087DDAB /* PBXContainerItemProxy */;
		};
/* End PBXTargetDependency section */

/* Begin PBXVariantGroup section */
		17067D5724782C0E0087DDAB /* Main.storyboard */ = {
			isa = PBXVariantGroup;
			children = (
				17067D5824782C0E0087DDAB /* Base */,
			);
			name = Main.storyboard;
			sourceTree = "<group>";
		};
		17067D5C24782C0F0087DDAB /* LaunchScreen.storyboard */ = {
			isa = PBXVariantGroup;
			children = (
				17067D5D24782C0F0087DDAB /* Base */,
			);
			name = LaunchScreen.storyboard;
			sourceTree = "<group>";
		};
/* End PBXVariantGroup section */

/* Begin XCBuildConfiguration section */
		17067D7624782C100087DDAB /* Debug */ = {
			isa = XCBuildConfiguration;
			buildSettings = {
				ALWAYS_SEARCH_USER_PATHS = NO;
				CLANG_ANALYZER_NONNULL = YES;
				CLANG_ANALYZER_NUMBER_OBJECT_CONVERSION = YES_AGGRESSIVE;
				CLANG_CXX_LANGUAGE_STANDARD = "gnu++14";
				CLANG_CXX_LIBRARY = "libc++";
				CLANG_ENABLE_MODULES = YES;
				CLANG_ENABLE_OBJC_ARC = YES;
				CLANG_ENABLE_OBJC_WEAK = YES;
				CLANG_WARN_BLOCK_CAPTURE_AUTORELEASING = YES;
				CLANG_WARN_BOOL_CONVERSION = YES;
				CLANG_WARN_COMMA = YES;
				CLANG_WARN_CONSTANT_CONVERSION = YES;
				CLANG_WARN_DEPRECATED_OBJC_IMPLEMENTATIONS = YES;
				CLANG_WARN_DIRECT_OBJC_ISA_USAGE = YES_ERROR;
				CLANG_WARN_DOCUMENTATION_COMMENTS = YES;
				CLANG_WARN_EMPTY_BODY = YES;
				CLANG_WARN_ENUM_CONVERSION = YES;
				CLANG_WARN_INFINITE_RECURSION = YES;
				CLANG_WARN_INT_CONVERSION = YES;
				CLANG_WARN_NON_LITERAL_NULL_CONVERSION = YES;
				CLANG_WARN_OBJC_IMPLICIT_RETAIN_SELF = YES;
				CLANG_WARN_OBJC_LITERAL_CONVERSION = YES;
				CLANG_WARN_OBJC_ROOT_CLASS = YES_ERROR;
				CLANG_WARN_RANGE_LOOP_ANALYSIS = YES;
				CLANG_WARN_STRICT_PROTOTYPES = YES;
				CLANG_WARN_SUSPICIOUS_MOVE = YES;
				CLANG_WARN_UNGUARDED_AVAILABILITY = YES_AGGRESSIVE;
				CLANG_WARN_UNREACHABLE_CODE = YES;
				CLANG_WARN__DUPLICATE_METHOD_MATCH = YES;
				COPY_PHASE_STRIP = NO;
				DEBUG_INFORMATION_FORMAT = dwarf;
				ENABLE_STRICT_OBJC_MSGSEND = YES;
				ENABLE_TESTABILITY = YES;
				GCC_C_LANGUAGE_STANDARD = gnu11;
				GCC_DYNAMIC_NO_PIC = NO;
				GCC_NO_COMMON_BLOCKS = YES;
				GCC_OPTIMIZATION_LEVEL = 0;
				GCC_PREPROCESSOR_DEFINITIONS = (
					"DEBUG=1",
					"$(inherited)",
				);
				GCC_WARN_64_TO_32_BIT_CONVERSION = YES;
				GCC_WARN_ABOUT_RETURN_TYPE = YES_ERROR;
				GCC_WARN_UNDECLARED_SELECTOR = YES;
				GCC_WARN_UNINITIALIZED_AUTOS = YES_AGGRESSIVE;
				GCC_WARN_UNUSED_FUNCTION = YES;
				GCC_WARN_UNUSED_VARIABLE = YES;
				IPHONEOS_DEPLOYMENT_TARGET = 13.5;
				MTL_ENABLE_DEBUG_INFO = INCLUDE_SOURCE;
				MTL_FAST_MATH = YES;
				ONLY_ACTIVE_ARCH = YES;
				SDKROOT = iphoneos;
				SWIFT_ACTIVE_COMPILATION_CONDITIONS = DEBUG;
				SWIFT_OPTIMIZATION_LEVEL = "-Onone";
			};
			name = Debug;
		};
		17067D7724782C100087DDAB /* Release */ = {
			isa = XCBuildConfiguration;
			buildSettings = {
				ALWAYS_SEARCH_USER_PATHS = NO;
				CLANG_ANALYZER_NONNULL = YES;
				CLANG_ANALYZER_NUMBER_OBJECT_CONVERSION = YES_AGGRESSIVE;
				CLANG_CXX_LANGUAGE_STANDARD = "gnu++14";
				CLANG_CXX_LIBRARY = "libc++";
				CLANG_ENABLE_MODULES = YES;
				CLANG_ENABLE_OBJC_ARC = YES;
				CLANG_ENABLE_OBJC_WEAK = YES;
				CLANG_WARN_BLOCK_CAPTURE_AUTORELEASING = YES;
				CLANG_WARN_BOOL_CONVERSION = YES;
				CLANG_WARN_COMMA = YES;
				CLANG_WARN_CONSTANT_CONVERSION = YES;
				CLANG_WARN_DEPRECATED_OBJC_IMPLEMENTATIONS = YES;
				CLANG_WARN_DIRECT_OBJC_ISA_USAGE = YES_ERROR;
				CLANG_WARN_DOCUMENTATION_COMMENTS = YES;
				CLANG_WARN_EMPTY_BODY = YES;
				CLANG_WARN_ENUM_CONVERSION = YES;
				CLANG_WARN_INFINITE_RECURSION = YES;
				CLANG_WARN_INT_CONVERSION = YES;
				CLANG_WARN_NON_LITERAL_NULL_CONVERSION = YES;
				CLANG_WARN_OBJC_IMPLICIT_RETAIN_SELF = YES;
				CLANG_WARN_OBJC_LITERAL_CONVERSION = YES;
				CLANG_WARN_OBJC_ROOT_CLASS = YES_ERROR;
				CLANG_WARN_RANGE_LOOP_ANALYSIS = YES;
				CLANG_WARN_STRICT_PROTOTYPES = YES;
				CLANG_WARN_SUSPICIOUS_MOVE = YES;
				CLANG_WARN_UNGUARDED_AVAILABILITY = YES_AGGRESSIVE;
				CLANG_WARN_UNREACHABLE_CODE = YES;
				CLANG_WARN__DUPLICATE_METHOD_MATCH = YES;
				COPY_PHASE_STRIP = NO;
				DEBUG_INFORMATION_FORMAT = "dwarf-with-dsym";
				ENABLE_NS_ASSERTIONS = NO;
				ENABLE_STRICT_OBJC_MSGSEND = YES;
				GCC_C_LANGUAGE_STANDARD = gnu11;
				GCC_NO_COMMON_BLOCKS = YES;
				GCC_WARN_64_TO_32_BIT_CONVERSION = YES;
				GCC_WARN_ABOUT_RETURN_TYPE = YES_ERROR;
				GCC_WARN_UNDECLARED_SELECTOR = YES;
				GCC_WARN_UNINITIALIZED_AUTOS = YES_AGGRESSIVE;
				GCC_WARN_UNUSED_FUNCTION = YES;
				GCC_WARN_UNUSED_VARIABLE = YES;
				IPHONEOS_DEPLOYMENT_TARGET = 13.5;
				MTL_ENABLE_DEBUG_INFO = NO;
				MTL_FAST_MATH = YES;
				SDKROOT = iphoneos;
				SWIFT_COMPILATION_MODE = wholemodule;
				SWIFT_OPTIMIZATION_LEVEL = "-O";
				VALIDATE_PRODUCT = YES;
			};
			name = Release;
		};
		17067D7924782C100087DDAB /* Debug */ = {
			isa = XCBuildConfiguration;
			buildSettings = {
				ASSETCATALOG_COMPILER_APPICON_NAME = AppIcon;
				CODE_SIGN_STYLE = Automatic;
				INFOPLIST_FILE = Custom/Info.plist;
				LD_RUNPATH_SEARCH_PATHS = (
					"$(inherited)",
					"@executable_path/Frameworks",
				);
				PRODUCT_BUNDLE_IDENTIFIER = app.assan.takemura.Custom;
				PRODUCT_NAME = "$(TARGET_NAME)";
				SWIFT_VERSION = 5.0;
				TARGETED_DEVICE_FAMILY = "1,2";
			};
			name = Debug;
		};
		17067D7A24782C100087DDAB /* Release */ = {
			isa = XCBuildConfiguration;
			buildSettings = {
				ASSETCATALOG_COMPILER_APPICON_NAME = AppIcon;
				CODE_SIGN_STYLE = Automatic;
				INFOPLIST_FILE = Custom/Info.plist;
				LD_RUNPATH_SEARCH_PATHS = (
					"$(inherited)",
					"@executable_path/Frameworks",
				);
				PRODUCT_BUNDLE_IDENTIFIER = app.assan.takemura.Custom;
				PRODUCT_NAME = "$(TARGET_NAME)";
				SWIFT_VERSION = 5.0;
				TARGETED_DEVICE_FAMILY = "1,2";
			};
			name = Release;
		};
		17067D7C24782C100087DDAB /* Debug */ = {
			isa = XCBuildConfiguration;
			buildSettings = {
				ALWAYS_EMBED_SWIFT_STANDARD_LIBRARIES = YES;
				BUNDLE_LOADER = "$(TEST_HOST)";
				CODE_SIGN_STYLE = Automatic;
				INFOPLIST_FILE = CustomTests/Info.plist;
				IPHONEOS_DEPLOYMENT_TARGET = 13.5;
				LD_RUNPATH_SEARCH_PATHS = (
					"$(inherited)",
					"@executable_path/Frameworks",
					"@loader_path/Frameworks",
				);
				PRODUCT_BUNDLE_IDENTIFIER = app.assan.takemura.CustomTests;
				PRODUCT_NAME = "$(TARGET_NAME)";
				SWIFT_VERSION = 5.0;
				TARGETED_DEVICE_FAMILY = "1,2";
				TEST_HOST = "$(BUILT_PRODUCTS_DIR)/Custom.app/Custom";
			};
			name = Debug;
		};
		17067D7D24782C100087DDAB /* Release */ = {
			isa = XCBuildConfiguration;
			buildSettings = {
				ALWAYS_EMBED_SWIFT_STANDARD_LIBRARIES = YES;
				BUNDLE_LOADER = "$(TEST_HOST)";
				CODE_SIGN_STYLE = Automatic;
				INFOPLIST_FILE = CustomTests/Info.plist;
				IPHONEOS_DEPLOYMENT_TARGET = 13.5;
				LD_RUNPATH_SEARCH_PATHS = (
					"$(inherited)",
					"@executable_path/Frameworks",
					"@loader_path/Frameworks",
				);
				PRODUCT_BUNDLE_IDENTIFIER = app.assan.takemura.CustomTests;
				PRODUCT_NAME = "$(TARGET_NAME)";
				SWIFT_VERSION = 5.0;
				TARGETED_DEVICE_FAMILY = "1,2";
				TEST_HOST = "$(BUILT_PRODUCTS_DIR)/Custom.app/Custom";
			};
			name = Release;
		};
		17067D7F24782C100087DDAB /* Debug */ = {
			isa = XCBuildConfiguration;
			buildSettings = {
				ALWAYS_EMBED_SWIFT_STANDARD_LIBRARIES = YES;
				CODE_SIGN_STYLE = Automatic;
				INFOPLIST_FILE = CustomUITests/Info.plist;
				LD_RUNPATH_SEARCH_PATHS = (
					"$(inherited)",
					"@executable_path/Frameworks",
					"@loader_path/Frameworks",
				);
				PRODUCT_BUNDLE_IDENTIFIER = app.assan.takemura.CustomUITests;
				PRODUCT_NAME = "$(TARGET_NAME)";
				SWIFT_VERSION = 5.0;
				TARGETED_DEVICE_FAMILY = "1,2";
				TEST_TARGET_NAME = Custom;
			};
			name = Debug;
		};
		17067D8024782C100087DDAB /* Release */ = {
			isa = XCBuildConfiguration;
			buildSettings = {
				ALWAYS_EMBED_SWIFT_STANDARD_LIBRARIES = YES;
				CODE_SIGN_STYLE = Automatic;
				INFOPLIST_FILE = CustomUITests/Info.plist;
				LD_RUNPATH_SEARCH_PATHS = (
					"$(inherited)",
					"@executable_path/Frameworks",
					"@loader_path/Frameworks",
				);
				PRODUCT_BUNDLE_IDENTIFIER = app.assan.takemura.CustomUITests;
				PRODUCT_NAME = "$(TARGET_NAME)";
				SWIFT_VERSION = 5.0;
				TARGETED_DEVICE_FAMILY = "1,2";
				TEST_TARGET_NAME = Custom;
			};
			name = Release;
		};
/* End XCBuildConfiguration section */

/* Begin XCConfigurationList section */
		17067D4924782C0E0087DDAB /* Build configuration list for PBXProject "Custom" */ = {
			isa = XCConfigurationList;
			buildConfigurations = (
				17067D7624782C100087DDAB /* Debug */,
				17067D7724782C100087DDAB /* Release */,
			);
			defaultConfigurationIsVisible = 0;
			defaultConfigurationName = Release;
		};
		17067D7824782C100087DDAB /* Build configuration list for PBXNativeTarget "Custom" */ = {
			isa = XCConfigurationList;
			buildConfigurations = (
				17067D7924782C100087DDAB /* Debug */,
				17067D7A24782C100087DDAB /* Release */,
			);
			defaultConfigurationIsVisible = 0;
			defaultConfigurationName = Release;
		};
		17067D7B24782C100087DDAB /* Build configuration list for PBXNativeTarget "CustomTests" */ = {
			isa = XCConfigurationList;
			buildConfigurations = (
				17067D7C24782C100087DDAB /* Debug */,
				17067D7D24782C100087DDAB /* Release */,
			);
			defaultConfigurationIsVisible = 0;
			defaultConfigurationName = Release;
		};
		17067D7E24782C100087DDAB /* Build configuration list for PBXNativeTarget "CustomUITests" */ = {
			isa = XCConfigurationList;
			buildConfigurations = (
				17067D7F24782C100087DDAB /* Debug */,
				17067D8024782C100087DDAB /* Release */,
			);
			defaultConfigurationIsVisible = 0;
			defaultConfigurationName = Release;
		};
/* End XCConfigurationList section */
	};
	rootObject = 17067D4624782C0E0087DDAB /* Project object */;
}
